
Microsoft Visual Studio Solution File, Format Version 12.00
# Visual Studio Version 16
VisualStudioVersion = 16.0.30611.23
MinimumVisualStudioVersion = 10.0.40219.1
Project("{FAE04EC0-301F-11D3-BF4B-00C04F79EFBC}") = "NET-lab03", "NET-lab03.csproj", "{628C920E-F1BA-48E8-919A-710A2EAD6322}"
EndProject
Global
	GlobalSection(SolutionConfigurationPlatforms) = preSolution
		Debug|Any CPU = Debug|Any CPU
		Release|Any CPU = Release|Any CPU
	EndGlobalSection
	GlobalSection(ProjectConfigurationPlatforms) = postSolution
		{628C920E-F1BA-48E8-919A-710A2EAD6322}.Debug|Any CPU.ActiveCfg = Debug|Any CPU
		{628C920E-F1BA-48E8-919A-710A2EAD6322}.Debug|Any CPU.Build.0 = Debug|Any CPU
		{628C920E-F1BA-48E8-919A-710A2EAD6322}.Release|Any CPU.ActiveCfg = Release|Any CPU
		{628C920E-F1BA-48E8-919A-710A2EAD6322}.Release|Any CPU.Build.0 = Release|Any CPU
	EndGlobalSection
	GlobalSection(SolutionProperties) = preSolution
		HideSolutionNode = FALSE
	EndGlobalSection
	GlobalSection(ExtensibilityGlobals) = postSolution
		SolutionGuid = {901B5579-A620-4C73-AB90-159949FD94C9}
	EndGlobalSection
EndGlobal
