
Microsoft Visual Studio Solution File, Format Version 12.00
# Visual Studio Version 16
VisualStudioVersion = 16.0.30709.64
MinimumVisualStudioVersion = 10.0.40219.1
Project("{FAE04EC0-301F-11D3-BF4B-00C04F79EFBC}") = "Mary-Course-Work", "Mary-Course-Work.csproj", "{FEF1258F-A79D-46B4-B2A3-B4DFB8C29E68}"
EndProject
Global
	GlobalSection(SolutionConfigurationPlatforms) = preSolution
		Debug|Any CPU = Debug|Any CPU
		Release|Any CPU = Release|Any CPU
	EndGlobalSection
	GlobalSection(ProjectConfigurationPlatforms) = postSolution
		{FEF1258F-A79D-46B4-B2A3-B4DFB8C29E68}.Debug|Any CPU.ActiveCfg = Debug|Any CPU
		{FEF1258F-A79D-46B4-B2A3-B4DFB8C29E68}.Debug|Any CPU.Build.0 = Debug|Any CPU
		{FEF1258F-A79D-46B4-B2A3-B4DFB8C29E68}.Release|Any CPU.ActiveCfg = Release|Any CPU
		{FEF1258F-A79D-46B4-B2A3-B4DFB8C29E68}.Release|Any CPU.Build.0 = Release|Any CPU
	EndGlobalSection
	GlobalSection(SolutionProperties) = preSolution
		HideSolutionNode = FALSE
	EndGlobalSection
	GlobalSection(ExtensibilityGlobals) = postSolution
		SolutionGuid = {F6DF805B-FB6F-4208-A18F-070FE7D373F7}
	EndGlobalSection
EndGlobal
