
Microsoft Visual Studio Solution File, Format Version 12.00
# Visual Studio 15
Project("{FAE04EC0-301F-11D3-BF4B-00C04F79EFBC}") = "NET-lab01", "NET-lab01\NET-lab01.csproj", "{A4E31F13-BFB1-484D-B7F8-86FF02FC8AB1}"
EndProject
Global
	GlobalSection(SolutionConfigurationPlatforms) = preSolution
		Debug|Any CPU = Debug|Any CPU
		Release|Any CPU = Release|Any CPU
	EndGlobalSection
	GlobalSection(ProjectConfigurationPlatforms) = postSolution
		{A4E31F13-BFB1-484D-B7F8-86FF02FC8AB1}.Debug|Any CPU.ActiveCfg = Debug|Any CPU
		{A4E31F13-BFB1-484D-B7F8-86FF02FC8AB1}.Debug|Any CPU.Build.0 = Debug|Any CPU
		{A4E31F13-BFB1-484D-B7F8-86FF02FC8AB1}.Release|Any CPU.ActiveCfg = Release|Any CPU
		{A4E31F13-BFB1-484D-B7F8-86FF02FC8AB1}.Release|Any CPU.Build.0 = Release|Any CPU
	EndGlobalSection
EndGlobal
