
Microsoft Visual Studio Solution File, Format Version 12.00
# Visual Studio Version 16
VisualStudioVersion = 16.0.30517.126
MinimumVisualStudioVersion = 10.0.40219.1
Project("{FAE04EC0-301F-11D3-BF4B-00C04F79EFBC}") = "NET-lab02", "NET-lab02\NET-lab02.csproj", "{C25A41CC-B473-4D83-A75E-885FFF86C000}"
EndProject
Global
	GlobalSection(SolutionConfigurationPlatforms) = preSolution
		Debug|Any CPU = Debug|Any CPU
		Release|Any CPU = Release|Any CPU
	EndGlobalSection
	GlobalSection(ProjectConfigurationPlatforms) = postSolution
		{C25A41CC-B473-4D83-A75E-885FFF86C000}.Debug|Any CPU.ActiveCfg = Debug|Any CPU
		{C25A41CC-B473-4D83-A75E-885FFF86C000}.Debug|Any CPU.Build.0 = Debug|Any CPU
		{C25A41CC-B473-4D83-A75E-885FFF86C000}.Release|Any CPU.ActiveCfg = Release|Any CPU
		{C25A41CC-B473-4D83-A75E-885FFF86C000}.Release|Any CPU.Build.0 = Release|Any CPU
	EndGlobalSection
	GlobalSection(SolutionProperties) = preSolution
		HideSolutionNode = FALSE
	EndGlobalSection
	GlobalSection(ExtensibilityGlobals) = postSolution
		SolutionGuid = {B2E98380-05CF-4F76-8948-1E2D161D83D6}
	EndGlobalSection
EndGlobal
