
Microsoft Visual Studio Solution File, Format Version 12.00
# Visual Studio Version 16
VisualStudioVersion = 16.0.30517.126
MinimumVisualStudioVersion = 10.0.40219.1
Project("{FAE04EC0-301F-11D3-BF4B-00C04F79EFBC}") = "NET-lab01-02", "NET-lab01-02\NET-lab01-02.csproj", "{CB7BF3F7-126F-426F-970C-C22285B16C99}"
EndProject
Global
	GlobalSection(SolutionConfigurationPlatforms) = preSolution
		Debug|Any CPU = Debug|Any CPU
		Release|Any CPU = Release|Any CPU
	EndGlobalSection
	GlobalSection(ProjectConfigurationPlatforms) = postSolution
		{CB7BF3F7-126F-426F-970C-C22285B16C99}.Debug|Any CPU.ActiveCfg = Debug|Any CPU
		{CB7BF3F7-126F-426F-970C-C22285B16C99}.Debug|Any CPU.Build.0 = Debug|Any CPU
		{CB7BF3F7-126F-426F-970C-C22285B16C99}.Release|Any CPU.ActiveCfg = Release|Any CPU
		{CB7BF3F7-126F-426F-970C-C22285B16C99}.Release|Any CPU.Build.0 = Release|Any CPU
	EndGlobalSection
	GlobalSection(SolutionProperties) = preSolution
		HideSolutionNode = FALSE
	EndGlobalSection
	GlobalSection(ExtensibilityGlobals) = postSolution
		SolutionGuid = {F9604E71-42F6-4D01-BEE8-5C3F19A6BADF}
	EndGlobalSection
EndGlobal
