
Microsoft Visual Studio Solution File, Format Version 12.00
# Visual Studio Version 16
VisualStudioVersion = 16.0.30804.86
MinimumVisualStudioVersion = 10.0.40219.1
Project("{FAE04EC0-301F-11D3-BF4B-00C04F79EFBC}") = "EricTest", "EricTest.csproj", "{51E576D7-DE5A-4B78-8616-1A4303F2433A}"
EndProject
Global
	GlobalSection(SolutionConfigurationPlatforms) = preSolution
		Debug|Any CPU = Debug|Any CPU
		Release|Any CPU = Release|Any CPU
	EndGlobalSection
	GlobalSection(ProjectConfigurationPlatforms) = postSolution
		{51E576D7-DE5A-4B78-8616-1A4303F2433A}.Debug|Any CPU.ActiveCfg = Debug|Any CPU
		{51E576D7-DE5A-4B78-8616-1A4303F2433A}.Debug|Any CPU.Build.0 = Debug|Any CPU
		{51E576D7-DE5A-4B78-8616-1A4303F2433A}.Release|Any CPU.ActiveCfg = Release|Any CPU
		{51E576D7-DE5A-4B78-8616-1A4303F2433A}.Release|Any CPU.Build.0 = Release|Any CPU
	EndGlobalSection
	GlobalSection(SolutionProperties) = preSolution
		HideSolutionNode = FALSE
	EndGlobalSection
	GlobalSection(ExtensibilityGlobals) = postSolution
		SolutionGuid = {29203BC1-C784-4379-A420-6CF57386A307}
	EndGlobalSection
EndGlobal
