
Microsoft Visual Studio Solution File, Format Version 12.00
# Visual Studio Version 16
VisualStudioVersion = 16.0.30709.64
MinimumVisualStudioVersion = 10.0.40219.1
Project("{FAE04EC0-301F-11D3-BF4B-00C04F79EFBC}") = "NET-lab04", "NET-lab04.csproj", "{82FEC69D-E056-498D-9573-0F93B6AAD632}"
EndProject
Global
	GlobalSection(SolutionConfigurationPlatforms) = preSolution
		Debug|Any CPU = Debug|Any CPU
		Release|Any CPU = Release|Any CPU
	EndGlobalSection
	GlobalSection(ProjectConfigurationPlatforms) = postSolution
		{82FEC69D-E056-498D-9573-0F93B6AAD632}.Debug|Any CPU.ActiveCfg = Debug|Any CPU
		{82FEC69D-E056-498D-9573-0F93B6AAD632}.Debug|Any CPU.Build.0 = Debug|Any CPU
		{82FEC69D-E056-498D-9573-0F93B6AAD632}.Release|Any CPU.ActiveCfg = Release|Any CPU
		{82FEC69D-E056-498D-9573-0F93B6AAD632}.Release|Any CPU.Build.0 = Release|Any CPU
	EndGlobalSection
	GlobalSection(SolutionProperties) = preSolution
		HideSolutionNode = FALSE
	EndGlobalSection
	GlobalSection(ExtensibilityGlobals) = postSolution
		SolutionGuid = {FA1A7835-9981-4E8A-9D46-8F4A3B93DBAA}
	EndGlobalSection
EndGlobal
